
Microsoft Visual Studio Solution File, Format Version 12.00
# Visual Studio Version 17
VisualStudioVersion = 17.10.34916.146
MinimumVisualStudioVersion = 10.0.40219.1
Project("{FAE04EC0-301F-11D3-BF4B-00C04F79EFBC}") = "ConsoleApp1", "ConsoleApp1\ConsoleApp1.csproj", "{D4EA6BB1-5F74-471B-B7BB-0FC0B3D32A65}"
EndProject
Global
	GlobalSection(SolutionConfigurationPlatforms) = preSolution
		Debug|Any CPU = Debug|Any CPU
		Release|Any CPU = Release|Any CPU
	EndGlobalSection
	GlobalSection(ProjectConfigurationPlatforms) = postSolution
		{D4EA6BB1-5F74-471B-B7BB-0FC0B3D32A65}.Debug|Any CPU.ActiveCfg = Debug|Any CPU
		{D4EA6BB1-5F74-471B-B7BB-0FC0B3D32A65}.Debug|Any CPU.Build.0 = Debug|Any CPU
		{D4EA6BB1-5F74-471B-B7BB-0FC0B3D32A65}.Release|Any CPU.ActiveCfg = Release|Any CPU
		{D4EA6BB1-5F74-471B-B7BB-0FC0B3D32A65}.Release|Any CPU.Build.0 = Release|Any CPU
	EndGlobalSection
	GlobalSection(SolutionProperties) = preSolution
		HideSolutionNode = FALSE
	EndGlobalSection
	GlobalSection(ExtensibilityGlobals) = postSolution
		SolutionGuid = {EAD3C14C-C42C-44BD-A2D7-11595DDBC9DE}
	EndGlobalSection
EndGlobal
